// !$*UTF8*$!
{
	archiveVersion = 1;
	classes = {
	};
	objectVersion = 50;
	objects = {

/* Begin PBXBuildFile section */
		D03203B925C0EACC00A69DF3 /* AddBookView.swift in Sources */ = {isa = PBXBuildFile; fileRef = D03203B825C0EACC00A69DF3 /* AddBookView.swift */; };
		D03203BA25C0EACC00A69DF3 /* AddBookView.swift in Sources */ = {isa = PBXBuildFile; fileRef = D03203B825C0EACC00A69DF3 /* AddBookView.swift */; };
		D04F5AA825C0F4050059326A /* RatingView.swift in Sources */ = {isa = PBXBuildFile; fileRef = D04F5AA725C0F4050059326A /* RatingView.swift */; };
		D04F5AA925C0F4050059326A /* RatingView.swift in Sources */ = {isa = PBXBuildFile; fileRef = D04F5AA725C0F4050059326A /* RatingView.swift */; };
		D06B10E225BF477200C0B765 /* Bookworm.xcdatamodeld in Sources */ = {isa = PBXBuildFile; fileRef = D06B10CC25BF477200C0B765 /* Bookworm.xcdatamodeld */; };
		D06B10E325BF477200C0B765 /* Bookworm.xcdatamodeld in Sources */ = {isa = PBXBuildFile; fileRef = D06B10CC25BF477200C0B765 /* Bookworm.xcdatamodeld */; };
		D06B10E425BF477200C0B765 /* BookwormApp.swift in Sources */ = {isa = PBXBuildFile; fileRef = D06B10CE25BF477200C0B765 /* BookwormApp.swift */; };
		D06B10E525BF477200C0B765 /* BookwormApp.swift in Sources */ = {isa = PBXBuildFile; fileRef = D06B10CE25BF477200C0B765 /* BookwormApp.swift */; };
		D06B10E625BF477200C0B765 /* ContentView.swift in Sources */ = {isa = PBXBuildFile; fileRef = D06B10CF25BF477200C0B765 /* ContentView.swift */; };
		D06B10E725BF477200C0B765 /* ContentView.swift in Sources */ = {isa = PBXBuildFile; fileRef = D06B10CF25BF477200C0B765 /* ContentView.swift */; };
		D06B10E825BF477200C0B765 /* Persistence.swift in Sources */ = {isa = PBXBuildFile; fileRef = D06B10D025BF477200C0B765 /* Persistence.swift */; };
		D06B10E925BF477200C0B765 /* Persistence.swift in Sources */ = {isa = PBXBuildFile; fileRef = D06B10D025BF477200C0B765 /* Persistence.swift */; };
		D06B10EA25BF477200C0B765 /* Assets.xcassets in Resources */ = {isa = PBXBuildFile; fileRef = D06B10D125BF477200C0B765 /* Assets.xcassets */; };
		D06B10EB25BF477200C0B765 /* Assets.xcassets in Resources */ = {isa = PBXBuildFile; fileRef = D06B10D125BF477200C0B765 /* Assets.xcassets */; };
		D09F55C125C0F68900B95075 /* EmojiRatingView.swift in Sources */ = {isa = PBXBuildFile; fileRef = D09F55C025C0F68900B95075 /* EmojiRatingView.swift */; };
		D09F55C225C0F68900B95075 /* EmojiRatingView.swift in Sources */ = {isa = PBXBuildFile; fileRef = D09F55C025C0F68900B95075 /* EmojiRatingView.swift */; };
		D0DA864425C229550054BA29 /* DetailView.swift in Sources */ = {isa = PBXBuildFile; fileRef = D0DA864325C229550054BA29 /* DetailView.swift */; };
		D0DA864525C229550054BA29 /* DetailView.swift in Sources */ = {isa = PBXBuildFile; fileRef = D0DA864325C229550054BA29 /* DetailView.swift */; };
/* End PBXBuildFile section */

/* Begin PBXFileReference section */
		D03203B825C0EACC00A69DF3 /* AddBookView.swift */ = {isa = PBXFileReference; lastKnownFileType = sourcecode.swift; path = AddBookView.swift; sourceTree = "<group>"; };
		D04F5AA725C0F4050059326A /* RatingView.swift */ = {isa = PBXFileReference; lastKnownFileType = sourcecode.swift; path = RatingView.swift; sourceTree = "<group>"; };
		D06B10CD25BF477200C0B765 /* Shared.xcdatamodel */ = {isa = PBXFileReference; lastKnownFileType = wrapper.xcdatamodel; path = Shared.xcdatamodel; sourceTree = "<group>"; };
		D06B10CE25BF477200C0B765 /* BookwormApp.swift */ = {isa = PBXFileReference; lastKnownFileType = sourcecode.swift; path = BookwormApp.swift; sourceTree = "<group>"; };
		D06B10CF25BF477200C0B765 /* ContentView.swift */ = {isa = PBXFileReference; lastKnownFileType = sourcecode.swift; path = ContentView.swift; sourceTree = "<group>"; };
		D06B10D025BF477200C0B765 /* Persistence.swift */ = {isa = PBXFileReference; lastKnownFileType = sourcecode.swift; path = Persistence.swift; sourceTree = "<group>"; };
		D06B10D125BF477200C0B765 /* Assets.xcassets */ = {isa = PBXFileReference; lastKnownFileType = folder.assetcatalog; path = Assets.xcassets; sourceTree = "<group>"; };
		D06B10D625BF477200C0B765 /* Bookworm.app */ = {isa = PBXFileReference; explicitFileType = wrapper.application; includeInIndex = 0; path = Bookworm.app; sourceTree = BUILT_PRODUCTS_DIR; };
		D06B10D925BF477200C0B765 /* Info.plist */ = {isa = PBXFileReference; lastKnownFileType = text.plist.xml; path = Info.plist; sourceTree = "<group>"; };
		D06B10DE25BF477200C0B765 /* Bookworm.app */ = {isa = PBXFileReference; explicitFileType = wrapper.application; includeInIndex = 0; path = Bookworm.app; sourceTree = BUILT_PRODUCTS_DIR; };
		D06B10E025BF477200C0B765 /* Info.plist */ = {isa = PBXFileReference; lastKnownFileType = text.plist.xml; path = Info.plist; sourceTree = "<group>"; };
		D06B10E125BF477200C0B765 /* macOS.entitlements */ = {isa = PBXFileReference; lastKnownFileType = text.plist.entitlements; path = macOS.entitlements; sourceTree = "<group>"; };
		D09F55C025C0F68900B95075 /* EmojiRatingView.swift */ = {isa = PBXFileReference; lastKnownFileType = sourcecode.swift; path = EmojiRatingView.swift; sourceTree = "<group>"; };
		D0DA864325C229550054BA29 /* DetailView.swift */ = {isa = PBXFileReference; lastKnownFileType = sourcecode.swift; path = DetailView.swift; sourceTree = "<group>"; };
/* End PBXFileReference section */

/* Begin PBXFrameworksBuildPhase section */
		D06B10D325BF477200C0B765 /* Frameworks */ = {
			isa = PBXFrameworksBuildPhase;
			buildActionMask = 2147483647;
			files = (
			);
			runOnlyForDeploymentPostprocessing = 0;
		};
		D06B10DB25BF477200C0B765 /* Frameworks */ = {
			isa = PBXFrameworksBuildPhase;
			buildActionMask = 2147483647;
			files = (
			);
			runOnlyForDeploymentPostprocessing = 0;
		};
/* End PBXFrameworksBuildPhase section */

/* Begin PBXGroup section */
		D06B10C625BF477200C0B765 = {
			isa = PBXGroup;
			children = (
				D06B10CB25BF477200C0B765 /* Shared */,
				D06B10D825BF477200C0B765 /* iOS */,
				D06B10DF25BF477200C0B765 /* macOS */,
				D06B10D725BF477200C0B765 /* Products */,
			);
			sourceTree = "<group>";
		};
		D06B10CB25BF477200C0B765 /* Shared */ = {
			isa = PBXGroup;
			children = (
				D06B10CE25BF477200C0B765 /* BookwormApp.swift */,
				D06B10CF25BF477200C0B765 /* ContentView.swift */,
				D0DA864325C229550054BA29 /* DetailView.swift */,
				D09F55C025C0F68900B95075 /* EmojiRatingView.swift */,
				D03203B825C0EACC00A69DF3 /* AddBookView.swift */,
				D04F5AA725C0F4050059326A /* RatingView.swift */,
				D06B10D025BF477200C0B765 /* Persistence.swift */,
				D06B10D125BF477200C0B765 /* Assets.xcassets */,
				D06B10CC25BF477200C0B765 /* Bookworm.xcdatamodeld */,
			);
			path = Shared;
			sourceTree = "<group>";
		};
		D06B10D725BF477200C0B765 /* Products */ = {
			isa = PBXGroup;
			children = (
				D06B10D625BF477200C0B765 /* Bookworm.app */,
				D06B10DE25BF477200C0B765 /* Bookworm.app */,
			);
			name = Products;
			sourceTree = "<group>";
		};
		D06B10D825BF477200C0B765 /* iOS */ = {
			isa = PBXGroup;
			children = (
				D06B10D925BF477200C0B765 /* Info.plist */,
			);
			path = iOS;
			sourceTree = "<group>";
		};
		D06B10DF25BF477200C0B765 /* macOS */ = {
			isa = PBXGroup;
			children = (
				D06B10E025BF477200C0B765 /* Info.plist */,
				D06B10E125BF477200C0B765 /* macOS.entitlements */,
			);
			path = macOS;
			sourceTree = "<group>";
		};
/* End PBXGroup section */

/* Begin PBXNativeTarget section */
		D06B10D525BF477200C0B765 /* Bookworm (iOS) */ = {
			isa = PBXNativeTarget;
			buildConfigurationList = D06B10EE25BF477200C0B765 /* Build configuration list for PBXNativeTarget "Bookworm (iOS)" */;
			buildPhases = (
				D06B10D225BF477200C0B765 /* Sources */,
				D06B10D325BF477200C0B765 /* Frameworks */,
				D06B10D425BF477200C0B765 /* Resources */,
			);
			buildRules = (
			);
			dependencies = (
			);
			name = "Bookworm (iOS)";
			productName = "Bookworm (iOS)";
			productReference = D06B10D625BF477200C0B765 /* Bookworm.app */;
			productType = "com.apple.product-type.application";
		};
		D06B10DD25BF477200C0B765 /* Bookworm (macOS) */ = {
			isa = PBXNativeTarget;
			buildConfigurationList = D06B10F125BF477200C0B765 /* Build configuration list for PBXNativeTarget "Bookworm (macOS)" */;
			buildPhases = (
				D06B10DA25BF477200C0B765 /* Sources */,
				D06B10DB25BF477200C0B765 /* Frameworks */,
				D06B10DC25BF477200C0B765 /* Resources */,
			);
			buildRules = (
			);
			dependencies = (
			);
			name = "Bookworm (macOS)";
			productName = "Bookworm (macOS)";
			productReference = D06B10DE25BF477200C0B765 /* Bookworm.app */;
			productType = "com.apple.product-type.application";
		};
/* End PBXNativeTarget section */

/* Begin PBXProject section */
		D06B10C725BF477200C0B765 /* Project object */ = {
			isa = PBXProject;
			attributes = {
				LastSwiftUpdateCheck = 1230;
				LastUpgradeCheck = 1240;
				TargetAttributes = {
					D06B10D525BF477200C0B765 = {
						CreatedOnToolsVersion = 12.3;
					};
					D06B10DD25BF477200C0B765 = {
						CreatedOnToolsVersion = 12.3;
					};
				};
			};
			buildConfigurationList = D06B10CA25BF477200C0B765 /* Build configuration list for PBXProject "Bookworm" */;
			compatibilityVersion = "Xcode 9.3";
			developmentRegion = en;
			hasScannedForEncodings = 0;
			knownRegions = (
				en,
				Base,
			);
			mainGroup = D06B10C625BF477200C0B765;
			productRefGroup = D06B10D725BF477200C0B765 /* Products */;
			projectDirPath = "";
			projectRoot = "";
			targets = (
				D06B10D525BF477200C0B765 /* Bookworm (iOS) */,
				D06B10DD25BF477200C0B765 /* Bookworm (macOS) */,
			);
		};
/* End PBXProject section */

/* Begin PBXResourcesBuildPhase section */
		D06B10D425BF477200C0B765 /* Resources */ = {
			isa = PBXResourcesBuildPhase;
			buildActionMask = 2147483647;
			files = (
				D06B10EA25BF477200C0B765 /* Assets.xcassets in Resources */,
			);
			runOnlyForDeploymentPostprocessing = 0;
		};
		D06B10DC25BF477200C0B765 /* Resources */ = {
			isa = PBXResourcesBuildPhase;
			buildActionMask = 2147483647;
			files = (
				D06B10EB25BF477200C0B765 /* Assets.xcassets in Resources */,
			);
			runOnlyForDeploymentPostprocessing = 0;
		};
/* End PBXResourcesBuildPhase section */

/* Begin PBXSourcesBuildPhase section */
		D06B10D225BF477200C0B765 /* Sources */ = {
			isa = PBXSourcesBuildPhase;
			buildActionMask = 2147483647;
			files = (
				D06B10E225BF477200C0B765 /* Bookworm.xcdatamodeld in Sources */,
				D0DA864425C229550054BA29 /* DetailView.swift in Sources */,
				D06B10E825BF477200C0B765 /* Persistence.swift in Sources */,
				D09F55C125C0F68900B95075 /* EmojiRatingView.swift in Sources */,
				D06B10E425BF477200C0B765 /* BookwormApp.swift in Sources */,
				D06B10E625BF477200C0B765 /* ContentView.swift in Sources */,
				D03203B925C0EACC00A69DF3 /* AddBookView.swift in Sources */,
				D04F5AA825C0F4050059326A /* RatingView.swift in Sources */,
			);
			runOnlyForDeploymentPostprocessing = 0;
		};
		D06B10DA25BF477200C0B765 /* Sources */ = {
			isa = PBXSourcesBuildPhase;
			buildActionMask = 2147483647;
			files = (
				D06B10E325BF477200C0B765 /* Bookworm.xcdatamodeld in Sources */,
				D0DA864525C229550054BA29 /* DetailView.swift in Sources */,
				D06B10E925BF477200C0B765 /* Persistence.swift in Sources */,
				D09F55C225C0F68900B95075 /* EmojiRatingView.swift in Sources */,
				D06B10E525BF477200C0B765 /* BookwormApp.swift in Sources */,
				D06B10E725BF477200C0B765 /* ContentView.swift in Sources */,
				D03203BA25C0EACC00A69DF3 /* AddBookView.swift in Sources */,
				D04F5AA925C0F4050059326A /* RatingView.swift in Sources */,
			);
			runOnlyForDeploymentPostprocessing = 0;
		};
/* End PBXSourcesBuildPhase section */

/* Begin XCBuildConfiguration section */
		D06B10EC25BF477200C0B765 /* Debug */ = {
			isa = XCBuildConfiguration;
			buildSettings = {
				ALWAYS_SEARCH_USER_PATHS = NO;
				CLANG_ANALYZER_NONNULL = YES;
				CLANG_ANALYZER_NUMBER_OBJECT_CONVERSION = YES_AGGRESSIVE;
				CLANG_CXX_LANGUAGE_STANDARD = "gnu++14";
				CLANG_CXX_LIBRARY = "libc++";
				CLANG_ENABLE_MODULES = YES;
				CLANG_ENABLE_OBJC_ARC = YES;
				CLANG_ENABLE_OBJC_WEAK = YES;
				CLANG_WARN_BLOCK_CAPTURE_AUTORELEASING = YES;
				CLANG_WARN_BOOL_CONVERSION = YES;
				CLANG_WARN_COMMA = YES;
				CLANG_WARN_CONSTANT_CONVERSION = YES;
				CLANG_WARN_DEPRECATED_OBJC_IMPLEMENTATIONS = YES;
				CLANG_WARN_DIRECT_OBJC_ISA_USAGE = YES_ERROR;
				CLANG_WARN_DOCUMENTATION_COMMENTS = YES;
				CLANG_WARN_EMPTY_BODY = YES;
				CLANG_WARN_ENUM_CONVERSION = YES;
				CLANG_WARN_INFINITE_RECURSION = YES;
				CLANG_WARN_INT_CONVERSION = YES;
				CLANG_WARN_NON_LITERAL_NULL_CONVERSION = YES;
				CLANG_WARN_OBJC_IMPLICIT_RETAIN_SELF = YES;
				CLANG_WARN_OBJC_LITERAL_CONVERSION = YES;
				CLANG_WARN_OBJC_ROOT_CLASS = YES_ERROR;
				CLANG_WARN_QUOTED_INCLUDE_IN_FRAMEWORK_HEADER = YES;
				CLANG_WARN_RANGE_LOOP_ANALYSIS = YES;
				CLANG_WARN_STRICT_PROTOTYPES = YES;
				CLANG_WARN_SUSPICIOUS_MOVE = YES;
				CLANG_WARN_UNGUARDED_AVAILABILITY = YES_AGGRESSIVE;
				CLANG_WARN_UNREACHABLE_CODE = YES;
				CLANG_WARN__DUPLICATE_METHOD_MATCH = YES;
				COPY_PHASE_STRIP = NO;
				DEBUG_INFORMATION_FORMAT = dwarf;
				ENABLE_STRICT_OBJC_MSGSEND = YES;
				ENABLE_TESTABILITY = YES;
				GCC_C_LANGUAGE_STANDARD = gnu11;
				GCC_DYNAMIC_NO_PIC = NO;
				GCC_NO_COMMON_BLOCKS = YES;
				GCC_OPTIMIZATION_LEVEL = 0;
				GCC_PREPROCESSOR_DEFINITIONS = (
					"DEBUG=1",
					"$(inherited)",
				);
				GCC_WARN_64_TO_32_BIT_CONVERSION = YES;
				GCC_WARN_ABOUT_RETURN_TYPE = YES_ERROR;
				GCC_WARN_UNDECLARED_SELECTOR = YES;
				GCC_WARN_UNINITIALIZED_AUTOS = YES_AGGRESSIVE;
				GCC_WARN_UNUSED_FUNCTION = YES;
				GCC_WARN_UNUSED_VARIABLE = YES;
				MTL_ENABLE_DEBUG_INFO = INCLUDE_SOURCE;
				MTL_FAST_MATH = YES;
				ONLY_ACTIVE_ARCH = YES;
				SWIFT_ACTIVE_COMPILATION_CONDITIONS = DEBUG;
				SWIFT_OPTIMIZATION_LEVEL = "-Onone";
			};
			name = Debug;
		};
		D06B10ED25BF477200C0B765 /* Release */ = {
			isa = XCBuildConfiguration;
			buildSettings = {
				ALWAYS_SEARCH_USER_PATHS = NO;
				CLANG_ANALYZER_NONNULL = YES;
				CLANG_ANALYZER_NUMBER_OBJECT_CONVERSION = YES_AGGRESSIVE;
				CLANG_CXX_LANGUAGE_STANDARD = "gnu++14";
				CLANG_CXX_LIBRARY = "libc++";
				CLANG_ENABLE_MODULES = YES;
				CLANG_ENABLE_OBJC_ARC = YES;
				CLANG_ENABLE_OBJC_WEAK = YES;
				CLANG_WARN_BLOCK_CAPTURE_AUTORELEASING = YES;
				CLANG_WARN_BOOL_CONVERSION = YES;
				CLANG_WARN_COMMA = YES;
				CLANG_WARN_CONSTANT_CONVERSION = YES;
				CLANG_WARN_DEPRECATED_OBJC_IMPLEMENTATIONS = YES;
				CLANG_WARN_DIRECT_OBJC_ISA_USAGE = YES_ERROR;
				CLANG_WARN_DOCUMENTATION_COMMENTS = YES;
				CLANG_WARN_EMPTY_BODY = YES;
				CLANG_WARN_ENUM_CONVERSION = YES;
				CLANG_WARN_INFINITE_RECURSION = YES;
				CLANG_WARN_INT_CONVERSION = YES;
				CLANG_WARN_NON_LITERAL_NULL_CONVERSION = YES;
				CLANG_WARN_OBJC_IMPLICIT_RETAIN_SELF = YES;
				CLANG_WARN_OBJC_LITERAL_CONVERSION = YES;
				CLANG_WARN_OBJC_ROOT_CLASS = YES_ERROR;
				CLANG_WARN_QUOTED_INCLUDE_IN_FRAMEWORK_HEADER = YES;
				CLANG_WARN_RANGE_LOOP_ANALYSIS = YES;
				CLANG_WARN_STRICT_PROTOTYPES = YES;
				CLANG_WARN_SUSPICIOUS_MOVE = YES;
				CLANG_WARN_UNGUARDED_AVAILABILITY = YES_AGGRESSIVE;
				CLANG_WARN_UNREACHABLE_CODE = YES;
				CLANG_WARN__DUPLICATE_METHOD_MATCH = YES;
				COPY_PHASE_STRIP = NO;
				DEBUG_INFORMATION_FORMAT = "dwarf-with-dsym";
				ENABLE_NS_ASSERTIONS = NO;
				ENABLE_STRICT_OBJC_MSGSEND = YES;
				GCC_C_LANGUAGE_STANDARD = gnu11;
				GCC_NO_COMMON_BLOCKS = YES;
				GCC_WARN_64_TO_32_BIT_CONVERSION = YES;
				GCC_WARN_ABOUT_RETURN_TYPE = YES_ERROR;
				GCC_WARN_UNDECLARED_SELECTOR = YES;
				GCC_WARN_UNINITIALIZED_AUTOS = YES_AGGRESSIVE;
				GCC_WARN_UNUSED_FUNCTION = YES;
				GCC_WARN_UNUSED_VARIABLE = YES;
				MTL_ENABLE_DEBUG_INFO = NO;
				MTL_FAST_MATH = YES;
				SWIFT_COMPILATION_MODE = wholemodule;
				SWIFT_OPTIMIZATION_LEVEL = "-O";
			};
			name = Release;
		};
		D06B10EF25BF477200C0B765 /* Debug */ = {
			isa = XCBuildConfiguration;
			buildSettings = {
				ASSETCATALOG_COMPILER_APPICON_NAME = AppIcon;
				ASSETCATALOG_COMPILER_GLOBAL_ACCENT_COLOR_NAME = AccentColor;
				CODE_SIGN_STYLE = Automatic;
				DEVELOPMENT_TEAM = ZWXYVT8P3G;
				ENABLE_PREVIEWS = YES;
				INFOPLIST_FILE = iOS/Info.plist;
				IPHONEOS_DEPLOYMENT_TARGET = 14.0;
				LD_RUNPATH_SEARCH_PATHS = (
					"$(inherited)",
					"@executable_path/Frameworks",
				);
				PRODUCT_BUNDLE_IDENTIFIER = com.santolo.Bookworm;
				PRODUCT_NAME = Bookworm;
				SDKROOT = iphoneos;
				SWIFT_VERSION = 5.0;
				TARGETED_DEVICE_FAMILY = "1,2";
			};
			name = Debug;
		};
		D06B10F025BF477200C0B765 /* Release */ = {
			isa = XCBuildConfiguration;
			buildSettings = {
				ASSETCATALOG_COMPILER_APPICON_NAME = AppIcon;
				ASSETCATALOG_COMPILER_GLOBAL_ACCENT_COLOR_NAME = AccentColor;
				CODE_SIGN_STYLE = Automatic;
				DEVELOPMENT_TEAM = ZWXYVT8P3G;
				ENABLE_PREVIEWS = YES;
				INFOPLIST_FILE = iOS/Info.plist;
				IPHONEOS_DEPLOYMENT_TARGET = 14.0;
				LD_RUNPATH_SEARCH_PATHS = (
					"$(inherited)",
					"@executable_path/Frameworks",
				);
				PRODUCT_BUNDLE_IDENTIFIER = com.santolo.Bookworm;
				PRODUCT_NAME = Bookworm;
				SDKROOT = iphoneos;
				SWIFT_VERSION = 5.0;
				TARGETED_DEVICE_FAMILY = "1,2";
				VALIDATE_PRODUCT = YES;
			};
			name = Release;
		};
		D06B10F225BF477200C0B765 /* Debug */ = {
			isa = XCBuildConfiguration;
			buildSettings = {
				ASSETCATALOG_COMPILER_APPICON_NAME = AppIcon;
				ASSETCATALOG_COMPILER_GLOBAL_ACCENT_COLOR_NAME = AccentColor;
				CODE_SIGN_ENTITLEMENTS = macOS/macOS.entitlements;
				CODE_SIGN_IDENTITY = "-";
				CODE_SIGN_STYLE = Automatic;
				COMBINE_HIDPI_IMAGES = YES;
				DEVELOPMENT_TEAM = ZWXYVT8P3G;
				ENABLE_HARDENED_RUNTIME = YES;
				ENABLE_PREVIEWS = YES;
				INFOPLIST_FILE = macOS/Info.plist;
				LD_RUNPATH_SEARCH_PATHS = (
					"$(inherited)",
					"@executable_path/../Frameworks",
				);
				MACOSX_DEPLOYMENT_TARGET = 11.0;
				PRODUCT_BUNDLE_IDENTIFIER = com.santolo.Bookworm;
				PRODUCT_NAME = Bookworm;
				SDKROOT = macosx;
				SWIFT_VERSION = 5.0;
			};
			name = Debug;
		};
		D06B10F325BF477200C0B765 /* Release */ = {
			isa = XCBuildConfiguration;
			buildSettings = {
				ASSETCATALOG_COMPILER_APPICON_NAME = AppIcon;
				ASSETCATALOG_COMPILER_GLOBAL_ACCENT_COLOR_NAME = AccentColor;
				CODE_SIGN_ENTITLEMENTS = macOS/macOS.entitlements;
				CODE_SIGN_IDENTITY = "-";
				CODE_SIGN_STYLE = Automatic;
				COMBINE_HIDPI_IMAGES = YES;
				DEVELOPMENT_TEAM = ZWXYVT8P3G;
				ENABLE_HARDENED_RUNTIME = YES;
				ENABLE_PREVIEWS = YES;
				INFOPLIST_FILE = macOS/Info.plist;
				LD_RUNPATH_SEARCH_PATHS = (
					"$(inherited)",
					"@executable_path/../Frameworks",
				);
				MACOSX_DEPLOYMENT_TARGET = 11.0;
				PRODUCT_BUNDLE_IDENTIFIER = com.santolo.Bookworm;
				PRODUCT_NAME = Bookworm;
				SDKROOT = macosx;
				SWIFT_VERSION = 5.0;
			};
			name = Release;
		};
/* End XCBuildConfiguration section */

/* Begin XCConfigurationList section */
		D06B10CA25BF477200C0B765 /* Build configuration list for PBXProject "Bookworm" */ = {
			isa = XCConfigurationList;
			buildConfigurations = (
				D06B10EC25BF477200C0B765 /* Debug */,
				D06B10ED25BF477200C0B765 /* Release */,
			);
			defaultConfigurationIsVisible = 0;
			defaultConfigurationName = Release;
		};
		D06B10EE25BF477200C0B765 /* Build configuration list for PBXNativeTarget "Bookworm (iOS)" */ = {
			isa = XCConfigurationList;
			buildConfigurations = (
				D06B10EF25BF477200C0B765 /* Debug */,
				D06B10F025BF477200C0B765 /* Release */,
			);
			defaultConfigurationIsVisible = 0;
			defaultConfigurationName = Release;
		};
		D06B10F125BF477200C0B765 /* Build configuration list for PBXNativeTarget "Bookworm (macOS)" */ = {
			isa = XCConfigurationList;
			buildConfigurations = (
				D06B10F225BF477200C0B765 /* Debug */,
				D06B10F325BF477200C0B765 /* Release */,
			);
			defaultConfigurationIsVisible = 0;
			defaultConfigurationName = Release;
		};
/* End XCConfigurationList section */

/* Begin XCVersionGroup section */
		D06B10CC25BF477200C0B765 /* Bookworm.xcdatamodeld */ = {
			isa = XCVersionGroup;
			children = (
				D06B10CD25BF477200C0B765 /* Shared.xcdatamodel */,
			);
			currentVersion = D06B10CD25BF477200C0B765 /* Shared.xcdatamodel */;
			path = Bookworm.xcdatamodeld;
			sourceTree = "<group>";
			versionGroupType = wrapper.xcdatamodel;
		};
/* End XCVersionGroup section */
	};
	rootObject = D06B10C725BF477200C0B765 /* Project object */;
}
